<?xml version="1.0" encoding="utf-8"?>
<Project ToolsVersion="15.0" xmlns="http://schemas.microsoft.com/developer/msbuild/2003">
  <ItemGroup>
    <CustomBuild Include="C:\Development\op3d_active\curl-7.70.0\msvc\CMakeFiles\215012e64cb50b54d93bc12af25bdf6d\RUN_TESTS_force.rule">
      <Filter>CMake Rules</Filter>
    </CustomBuild>
  </ItemGroup>
  <ItemGroup>
    <Filter Include="CMake Rules">
      <UniqueIdentifier>{732C710A-B608-38EE-A872-BE3AD3A49A2F}</UniqueIdentifier>
    </Filter>
  </ItemGroup>
</Project>
